
Microsoft Visual Studio Solution File, Format Version 12.00
# Visual Studio Version 16
VisualStudioVersion = 16.0.29609.76
MinimumVisualStudioVersion = 10.0.40219.1
Project("{888888A0-9F3D-457C-B088-3A5042F75D52}") = "CastleGame", "CastleGame\CastleGame.pyproj", "{5F5B43C3-AA10-44B9-90CB-1379BB6CEEBA}"
EndProject
Global
	GlobalSection(SolutionConfigurationPlatforms) = preSolution
		Debug|Any CPU = Debug|Any CPU
		Release|Any CPU = Release|Any CPU
	EndGlobalSection
	GlobalSection(ProjectConfigurationPlatforms) = postSolution
		{5F5B43C3-AA10-44B9-90CB-1379BB6CEEBA}.Debug|Any CPU.ActiveCfg = Debug|Any CPU
		{5F5B43C3-AA10-44B9-90CB-1379BB6CEEBA}.Release|Any CPU.ActiveCfg = Release|Any CPU
	EndGlobalSection
	GlobalSection(SolutionProperties) = preSolution
		HideSolutionNode = FALSE
	EndGlobalSection
	GlobalSection(ExtensibilityGlobals) = postSolution
		SolutionGuid = {791890FE-9BB5-4EA1-B1A7-A2350646CC33}
	EndGlobalSection
EndGlobal
